
Microsoft Visual Studio Solution File, Format Version 12.00
# Visual Studio Version 16
VisualStudioVersion = 16.0.31729.503
MinimumVisualStudioVersion = 10.0.40219.1
Project("{9A19103F-16F7-4668-BE54-9A1E7A4F7556}") = "Feiyu", "Feiyu\Feiyu.csproj", "{963D4098-E1A7-4F1E-AF1D-A2DB011340D4}"
EndProject
Project("{9A19103F-16F7-4668-BE54-9A1E7A4F7556}") = "TestFeiyu", "TestFeiyu\TestFeiyu.csproj", "{98DBB7D9-5F7E-4359-B04A-C3F8AEB05E42}"
EndProject
Global
	GlobalSection(SolutionConfigurationPlatforms) = preSolution
		Debug|Any CPU = Debug|Any CPU
		Release|Any CPU = Release|Any CPU
	EndGlobalSection
	GlobalSection(ProjectConfigurationPlatforms) = postSolution
		{963D4098-E1A7-4F1E-AF1D-A2DB011340D4}.Debug|Any CPU.ActiveCfg = Debug|Any CPU
		{963D4098-E1A7-4F1E-AF1D-A2DB011340D4}.Debug|Any CPU.Build.0 = Debug|Any CPU
		{963D4098-E1A7-4F1E-AF1D-A2DB011340D4}.Release|Any CPU.ActiveCfg = Release|Any CPU
		{963D4098-E1A7-4F1E-AF1D-A2DB011340D4}.Release|Any CPU.Build.0 = Release|Any CPU
		{98DBB7D9-5F7E-4359-B04A-C3F8AEB05E42}.Debug|Any CPU.ActiveCfg = Debug|Any CPU
		{98DBB7D9-5F7E-4359-B04A-C3F8AEB05E42}.Debug|Any CPU.Build.0 = Debug|Any CPU
		{98DBB7D9-5F7E-4359-B04A-C3F8AEB05E42}.Release|Any CPU.ActiveCfg = Release|Any CPU
		{98DBB7D9-5F7E-4359-B04A-C3F8AEB05E42}.Release|Any CPU.Build.0 = Release|Any CPU
	EndGlobalSection
	GlobalSection(SolutionProperties) = preSolution
		HideSolutionNode = FALSE
	EndGlobalSection
	GlobalSection(ExtensibilityGlobals) = postSolution
		SolutionGuid = {BF3D73E3-09A3-4691-A502-418F09A730AD}
	EndGlobalSection
EndGlobal
